<?xml version="1.0" encoding="utf-8"?>
<Project ToolsVersion="4.0" xmlns="http://schemas.microsoft.com/developer/msbuild/2003">
  <ItemGroup>
    <Filter Include="Source Files">
      <UniqueIdentifier>{3f6794b8-4029-435b-a213-cae656ba4933}</UniqueIdentifier>
      <Extensions>cpp;c;cxx;rc;def;r;odl;idl;hpj;bat</Extensions>
    </Filter>
    <Filter Include="Header Files">
      <UniqueIdentifier>{d257e791-dbe4-40ec-97b7-a9dc77b438ae}</UniqueIdentifier>
      <Extensions>h;hpp;hxx;hm;inl</Extensions>
    </Filter>
    <Filter Include="Resource Files">
      <UniqueIdentifier>{68e06351-976b-4236-a992-5bf2fb1daefe}</UniqueIdentifier>
      <Extensions>ico;cur;bmp;dlg;rc2;rct;bin;rgs;gif;jpg;jpeg;jpe</Extensions>
    </Filter>
  </ItemGroup>
  <ItemGroup>
    <ClCompile Include="interakcja.cpp">
      <Filter>Source Files</Filter>
    </ClCompile>
    <ClCompile Include="map_planner.cpp">
      <Filter>Source Files</Filter>
    </ClCompile>
    <ClCompile Include="main.cpp">
      <Filter>Source Files</Filter>
    </ClCompile>
    <ClCompile Include="draw_scene.cpp">
      <Filter>Source Files</Filter>
    </ClCompile>
    <ClCompile Include="tekstura.cpp">
      <Filter>Source Files</Filter>
    </ClCompile>
    <ClCompile Include="model3DS.cpp">
      <Filter>Source Files</Filter>
    </ClCompile>
    <ClCompile Include="textureBMP.cpp">
      <Filter>Source Files</Filter>
    </ClCompile>
    <ClCompile Include="textureTGA.cpp">
      <Filter>Source Files</Filter>
    </ClCompile>
  </ItemGroup>
  <ItemGroup>
    <ClInclude Include="map_planner.h">
      <Filter>Header Files</Filter>
    </ClInclude>
    <ClInclude Include="draw_scene.h">
      <Filter>Header Files</Filter>
    </ClInclude>
    <ClInclude Include="tekstura.h">
      <Filter>Header Files</Filter>
    </ClInclude>
    <ClInclude Include="model3DS.h">
      <Filter>Header Files</Filter>
    </ClInclude>
    <ClInclude Include="textureBMP.h">
      <Filter>Header Files</Filter>
    </ClInclude>
    <ClInclude Include="textureTGA.h">
      <Filter>Header Files</Filter>
    </ClInclude>
    <ClInclude Include="Vector.h">
      <Filter>Header Files</Filter>
    </ClInclude>
  </ItemGroup>
</Project>